# THIS IS AN AUTOGENERATED FILE. DO NOT EDIT THIS FILE DIRECTLY.
# yarn lockfile v1


"@babel/parser@^7.16.4":
  version "7.17.8"
  resolved "https://registry.yarnpkg.com/@babel/parser/-/parser-7.17.8.tgz#2817fb9d885dd8132ea0f8eb615a6388cca1c240"
  integrity sha512-BoHhDJrJXqcg+ZL16Xv39H9n+AqJ4pcDrQBGZN+wHxIysrLZ3/ECwCBUch/1zUNhnsXULcONU3Ei5Hmkfk6kiQ==

"@babel/runtime@^7.18.3":
  version "7.18.3"
  resolved "https://registry.yarnpkg.com/@babel/runtime/-/runtime-7.18.3.tgz#c7b654b57f6f63cf7f8b418ac9ca04408c4579f4"
  integrity sha512-38Y8f7YUhce/K7RMwTp7m0uCumpv9hZkitCbBClqQIow1qSbCvGkcegKOXpEWCQLfWmevgRiWokZ1GkpfhbZug==
  dependencies:
    regenerator-runtime "^0.13.4"

"@popperjs/core@^2.11.4":
  version "2.11.4"
  resolved "https://registry.yarnpkg.com/@popperjs/core/-/core-2.11.4.tgz#d8c7b8db9226d2d7664553a0741ad7d0397ee503"
  integrity sha512-q/ytXxO5NKvyT37pmisQAItCFqA7FD/vNb8dgaJy3/630Fsc+Mz9/9f2SziBoIZ30TJooXyTwZmhi1zjXmObYg==

"@vitejs/plugin-vue@^2.2.0":
  version "2.2.4"
  resolved "https://registry.yarnpkg.com/@vitejs/plugin-vue/-/plugin-vue-2.2.4.tgz#ab8b199ca82496b05d2654c5f34ffcf9b947243d"
  integrity sha512-ev9AOlp0ljCaDkFZF3JwC/pD2N4Hh+r5srl5JHM6BKg5+99jiiK0rE/XaRs3pVm1wzyKkjUy/StBSoXX5fFzcw==

"@vue/compiler-core@3.2.31":
  version "3.2.31"
  resolved "https://registry.yarnpkg.com/@vue/compiler-core/-/compiler-core-3.2.31.tgz#d38f06c2cf845742403b523ab4596a3fda152e89"
  integrity sha512-aKno00qoA4o+V/kR6i/pE+aP+esng5siNAVQ422TkBNM6qA4veXiZbSe8OTXHXquEi/f6Akc+nLfB4JGfe4/WQ==
  dependencies:
    "@babel/parser" "^7.16.4"
    "@vue/shared" "3.2.31"
    estree-walker "^2.0.2"
    source-map "^0.6.1"

"@vue/compiler-dom@3.2.31":
  version "3.2.31"
  resolved "https://registry.yarnpkg.com/@vue/compiler-dom/-/compiler-dom-3.2.31.tgz#b1b7dfad55c96c8cc2b919cd7eb5fd7e4ddbf00e"
  integrity sha512-60zIlFfzIDf3u91cqfqy9KhCKIJgPeqxgveH2L+87RcGU/alT6BRrk5JtUso0OibH3O7NXuNOQ0cDc9beT0wrg==
  dependencies:
    "@vue/compiler-core" "3.2.31"
    "@vue/shared" "3.2.31"

"@vue/compiler-sfc@3.2.31":
  version "3.2.31"
  resolved "https://registry.yarnpkg.com/@vue/compiler-sfc/-/compiler-sfc-3.2.31.tgz#d02b29c3fe34d599a52c5ae1c6937b4d69f11c2f"
  integrity sha512-748adc9msSPGzXgibHiO6T7RWgfnDcVQD+VVwYgSsyyY8Ans64tALHZANrKtOzvkwznV/F4H7OAod/jIlp/dkQ==
  dependencies:
    "@babel/parser" "^7.16.4"
    "@vue/compiler-core" "3.2.31"
    "@vue/compiler-dom" "3.2.31"
    "@vue/compiler-ssr" "3.2.31"
    "@vue/reactivity-transform" "3.2.31"
    "@vue/shared" "3.2.31"
    estree-walker "^2.0.2"
    magic-string "^0.25.7"
    postcss "^8.1.10"
    source-map "^0.6.1"

"@vue/compiler-ssr@3.2.31":
  version "3.2.31"
  resolved "https://registry.yarnpkg.com/@vue/compiler-ssr/-/compiler-ssr-3.2.31.tgz#4fa00f486c9c4580b40a4177871ebbd650ecb99c"
  integrity sha512-mjN0rqig+A8TVDnsGPYJM5dpbjlXeHUm2oZHZwGyMYiGT/F4fhJf/cXy8QpjnLQK4Y9Et4GWzHn9PS8AHUnSkw==
  dependencies:
    "@vue/compiler-dom" "3.2.31"
    "@vue/shared" "3.2.31"

"@vue/reactivity-transform@3.2.31":
  version "3.2.31"
  resolved "https://registry.yarnpkg.com/@vue/reactivity-transform/-/reactivity-transform-3.2.31.tgz#0f5b25c24e70edab2b613d5305c465b50fc00911"
  integrity sha512-uS4l4z/W7wXdI+Va5pgVxBJ345wyGFKvpPYtdSgvfJfX/x2Ymm6ophQlXXB6acqGHtXuBqNyyO3zVp9b1r0MOA==
  dependencies:
    "@babel/parser" "^7.16.4"
    "@vue/compiler-core" "3.2.31"
    "@vue/shared" "3.2.31"
    estree-walker "^2.0.2"
    magic-string "^0.25.7"

"@vue/reactivity@3.2.31":
  version "3.2.31"
  resolved "https://registry.yarnpkg.com/@vue/reactivity/-/reactivity-3.2.31.tgz#fc90aa2cdf695418b79e534783aca90d63a46bbd"
  integrity sha512-HVr0l211gbhpEKYr2hYe7hRsV91uIVGFYNHj73njbARVGHQvIojkImKMaZNDdoDZOIkMsBc9a1sMqR+WZwfSCw==
  dependencies:
    "@vue/shared" "3.2.31"

"@vue/runtime-core@3.2.31":
  version "3.2.31"
  resolved "https://registry.yarnpkg.com/@vue/runtime-core/-/runtime-core-3.2.31.tgz#9d284c382f5f981b7a7b5971052a1dc4ef39ac7a"
  integrity sha512-Kcog5XmSY7VHFEMuk4+Gap8gUssYMZ2+w+cmGI6OpZWYOEIcbE0TPzzPHi+8XTzAgx1w/ZxDFcXhZeXN5eKWsA==
  dependencies:
    "@vue/reactivity" "3.2.31"
    "@vue/shared" "3.2.31"

"@vue/runtime-dom@3.2.31":
  version "3.2.31"
  resolved "https://registry.yarnpkg.com/@vue/runtime-dom/-/runtime-dom-3.2.31.tgz#79ce01817cb3caf2c9d923f669b738d2d7953eff"
  integrity sha512-N+o0sICVLScUjfLG7u9u5XCjvmsexAiPt17GNnaWHJUfsKed5e85/A3SWgKxzlxx2SW/Hw7RQxzxbXez9PtY3g==
  dependencies:
    "@vue/runtime-core" "3.2.31"
    "@vue/shared" "3.2.31"
    csstype "^2.6.8"

"@vue/server-renderer@3.2.31":
  version "3.2.31"
  resolved "https://registry.yarnpkg.com/@vue/server-renderer/-/server-renderer-3.2.31.tgz#201e9d6ce735847d5989403af81ef80960da7141"
  integrity sha512-8CN3Zj2HyR2LQQBHZ61HexF5NReqngLT3oahyiVRfSSvak+oAvVmu8iNLSu6XR77Ili2AOpnAt1y8ywjjqtmkg==
  dependencies:
    "@vue/compiler-ssr" "3.2.31"
    "@vue/shared" "3.2.31"

"@vue/shared@3.2.31":
  version "3.2.31"
  resolved "https://registry.yarnpkg.com/@vue/shared/-/shared-3.2.31.tgz#c90de7126d833dcd3a4c7534d534be2fb41faa4e"
  integrity sha512-ymN2pj6zEjiKJZbrf98UM2pfDd6F2H7ksKw7NDt/ZZ1fh5Ei39X5tABugtT03ZRlWd9imccoK0hE8hpjpU7irQ==

bootstrap-vue-3@^0.1.9:
  version "0.1.9"
  resolved "https://registry.yarnpkg.com/bootstrap-vue-3/-/bootstrap-vue-3-0.1.9.tgz#8c4ee83d81c44721314913b419a74439641be9fe"
  integrity sha512-Vq8J9CLxXX05OZMUleWMf8FT33tsliITh9jox/5cw2U0ZHACJBILJofCliWS4073AZ15Ur4rfEad8f4v+UU10Q==
  dependencies:
    core-js "3.x.x"

bootstrap@^5.1.3:
  version "5.1.3"
  resolved "https://registry.yarnpkg.com/bootstrap/-/bootstrap-5.1.3.tgz#ba081b0c130f810fa70900acbc1c6d3c28fa8f34"
  integrity sha512-fcQztozJ8jToQWXxVuEyXWW+dSo8AiXWKwiSSrKWsRB/Qt+Ewwza+JWoLKiTuQLaEPhdNAJ7+Dosc9DOIqNy7Q==

commander@2:
  version "2.20.3"
  resolved "https://registry.yarnpkg.com/commander/-/commander-2.20.3.tgz#fd485e84c03eb4881c20722ba48035e8531aeb33"
  integrity sha512-GpVkmM8vF2vQUkj2LvZmD35JxeJOLCwJ9cUkugyk2nuhbv3+mJvpLYYt+0+USMxE+oj+ey/lJEnhZw75x/OMcQ==

complex.js@^2.1.1:
  version "2.1.1"
  resolved "https://registry.yarnpkg.com/complex.js/-/complex.js-2.1.1.tgz#0675dac8e464ec431fb2ab7d30f41d889fb25c31"
  integrity sha512-8njCHOTtFFLtegk6zQo0kkVX1rngygb/KQI6z1qZxlFI3scluC+LVTCFbrkWjBv4vvLlbQ9t88IPMC6k95VTTg==

core-js@3.x.x:
  version "3.21.1"
  resolved "https://registry.yarnpkg.com/core-js/-/core-js-3.21.1.tgz#f2e0ddc1fc43da6f904706e8e955bc19d06a0d94"
  integrity sha512-FRq5b/VMrWlrmCzwRrpDYNxyHP9BcAZC+xHJaqTgIE5091ZV1NTmyh0sGOg5XqpnHvR0svdy0sv1gWA1zmhxig==

csstype@^2.6.8:
  version "2.6.20"
  resolved "https://registry.yarnpkg.com/csstype/-/csstype-2.6.20.tgz#9229c65ea0b260cf4d3d997cb06288e36a8d6dda"
  integrity sha512-/WwNkdXfckNgw6S5R125rrW8ez139lBHWouiBvX8dfMFtcn6V81REDqnH7+CRpRipfYlyU1CmOnOxrmGcFOjeA==

d3-array@1:
  version "1.2.4"
  resolved "https://registry.yarnpkg.com/d3-array/-/d3-array-1.2.4.tgz#635ce4d5eea759f6f605863dbcfc30edc737f71f"
  integrity sha512-KHW6M86R+FUPYGb3R5XiYjXPq7VzwxZ22buHhAEVG5ztoEcZZMLov530mmccaqA1GghZArjQV46fuc8kUqhhHw==

d3-array@1.0.1:
  version "1.0.1"
  resolved "https://registry.yarnpkg.com/d3-array/-/d3-array-1.0.1.tgz#375c02874fcd96c16ed9f1bcf5b4a7be53f358e7"
  integrity sha512-VPS5OH5Xb43tkFkxHEc4r5yWhlDwST47zh1q+qvgTj7xB9xDXn+UEcofhvNC7s8gD55y9Q/MCSPSBUVvnzo3Dw==

d3-axis@1.0.3:
  version "1.0.3"
  resolved "https://registry.yarnpkg.com/d3-axis/-/d3-axis-1.0.3.tgz#ddcbd8a23c2a568d3787de0dee00a36413c5d595"
  integrity sha512-ssSKWVgy3PUBsTitxvgCmaQJHKYN4Iww2lmMiGskRdxfoNKhdU3LDPkSB1Wt2PlRieBY1CAtPS0oT3LtWdABOw==

d3-brush@1.0.2:
  version "1.0.2"
  resolved "https://registry.yarnpkg.com/d3-brush/-/d3-brush-1.0.2.tgz#c9a725d0d7f7d69245551ff96e264215e59a82eb"
  integrity sha512-+PVv7qAd0X/FPcQ2MVFj7uXMt62ymnwvDnOxFOjsHRB/ybcn0ayRyvSOSi+u3IxVlLvhD4jB39QwP6Yv19vcCQ==
  dependencies:
    d3-dispatch "1"
    d3-drag "1"
    d3-interpolate "1"
    d3-selection "1"
    d3-transition "1"

d3-chord@1.0.2:
  version "1.0.2"
  resolved "https://registry.yarnpkg.com/d3-chord/-/d3-chord-1.0.2.tgz#9b1ac90efe7de448c0b9188309071de52855a99a"
  integrity sha512-XyGDYtf4gooHSk9+Hf46V66uX1Z7DeJhcvibN4wOkfN4qgt3mEgOLD8IsRDf6h7KpDBdsypT3/jJtV3ZGP9qIg==
  dependencies:
    d3-array "1"
    d3-path "1"

d3-collection@1:
  version "1.0.7"
  resolved "https://registry.yarnpkg.com/d3-collection/-/d3-collection-1.0.7.tgz#349bd2aa9977db071091c13144d5e4f16b5b310e"
  integrity sha512-ii0/r5f4sjKNTfh84Di+DpztYwqKhEyUlKoPrzUFfeSkWxjW49xU2QzO9qrPrNkpdI0XJkfzvmTu8V2Zylln6A==

d3-collection@1.0.1:
  version "1.0.1"
  resolved "https://registry.yarnpkg.com/d3-collection/-/d3-collection-1.0.1.tgz#5b5c5626f731122b600b107d71a08833fec049ad"
  integrity sha512-972LMBhCpNYrmDnarBJDFltizsSMTYPNB1pFIuIPN8RSJz8xHuZa0RB8mhZpjYtOlnWFFBnYQog5bBl4ziolpg==

d3-color@1:
  version "1.4.1"
  resolved "https://registry.yarnpkg.com/d3-color/-/d3-color-1.4.1.tgz#c52002bf8846ada4424d55d97982fef26eb3bc8a"
  integrity sha512-p2sTHSLCJI2QKunbGb7ocOh7DgTAn8IrLx21QRc/BSnodXM4sv6aLQlnfpvehFMLZEfBc6g9pH9SWQccFYfJ9Q==

d3-color@1.0.1:
  version "1.0.1"
  resolved "https://registry.yarnpkg.com/d3-color/-/d3-color-1.0.1.tgz#73cc91f4ee3f12e00ca06b1596a7c83cf104723a"
  integrity sha512-HtofmWZaI2kHwzF4cQnQ6RZ509jg3R2U4iit2/7nuMxMWvpNRlcg3LHLPA4XQGzR0i/JkoKTifJuGRRhkcbRHg==

d3-dispatch@1:
  version "1.0.6"
  resolved "https://registry.yarnpkg.com/d3-dispatch/-/d3-dispatch-1.0.6.tgz#00d37bcee4dd8cd97729dd893a0ac29caaba5d58"
  integrity sha512-fVjoElzjhCEy+Hbn8KygnmMS7Or0a9sI2UzGwoB7cCtvI1XpVN9GpoYlnb3xt2YV66oXYb1fLJ8GMvP4hdU1RA==

d3-dispatch@1.0.1:
  version "1.0.1"
  resolved "https://registry.yarnpkg.com/d3-dispatch/-/d3-dispatch-1.0.1.tgz#4bd65a43cecff4318deb9df24552aa8bf281a840"
  integrity sha512-BRTp95mobTSKx8EtpOLbxXuYVtNNr0PmelkH9Uzg5cgcO5O1M0i3+2C0FeM2I95BwQoIlsuZXQTPIoIt5xOtmw==

d3-drag@1:
  version "1.2.5"
  resolved "https://registry.yarnpkg.com/d3-drag/-/d3-drag-1.2.5.tgz#2537f451acd39d31406677b7dc77c82f7d988f70"
  integrity sha512-rD1ohlkKQwMZYkQlYVCrSFxsWPzI97+W+PaEIBNTMxRuxz9RF0Hi5nJWHGVJ3Om9d2fRTe1yOBINJyy/ahV95w==
  dependencies:
    d3-dispatch "1"
    d3-selection "1"

d3-drag@1.0.1:
  version "1.0.1"
  resolved "https://registry.yarnpkg.com/d3-drag/-/d3-drag-1.0.1.tgz#49ad9f5c91865593fb30c86b15f9322d43fec51f"
  integrity sha512-uWFg2X3PD0uOttYzJTdT/BVKMgCED4Y4swz5a2Nc89m4BQ7s0DK17zRe7LciZ0PpAi2Zjy40oFIMBnfXkI0h6g==
  dependencies:
    d3-dispatch "1"
    d3-selection "1"

d3-dsv@1:
  version "1.2.0"
  resolved "https://registry.yarnpkg.com/d3-dsv/-/d3-dsv-1.2.0.tgz#9d5f75c3a5f8abd611f74d3f5847b0d4338b885c"
  integrity sha512-9yVlqvZcSOMhCYzniHE7EVUws7Fa1zgw+/EAV2BxJoG3ME19V6BQFBwI855XQDsxyOuG7NibqRMTtiF/Qup46g==
  dependencies:
    commander "2"
    iconv-lite "0.4"
    rw "1"

d3-dsv@1.0.1:
  version "1.0.1"
  resolved "https://registry.yarnpkg.com/d3-dsv/-/d3-dsv-1.0.1.tgz#d495347c04cb1e0d26557bbdc4775c4d11a245ea"
  integrity sha512-VjRi8bmInbdZsnNr5inlWEEd7GutNcQUb+gXgr4LUyt+8lZjAxU2PBPMNMBBLHCPwosiFcmdwBfnWFpN4/khsQ==
  dependencies:
    rw "1"

d3-ease@1:
  version "1.0.7"
  resolved "https://registry.yarnpkg.com/d3-ease/-/d3-ease-1.0.7.tgz#9a834890ef8b8ae8c558b2fe55bd57f5993b85e2"
  integrity sha512-lx14ZPYkhNx0s/2HX5sLFUI3mbasHjSSpwO/KaaNACweVwxUruKyWVcb293wMv1RqTPZyZ8kSZ2NogUZNcLOFQ==

d3-ease@1.0.1:
  version "1.0.1"
  resolved "https://registry.yarnpkg.com/d3-ease/-/d3-ease-1.0.1.tgz#a18c2d44e218fb8b9ec6d635bcca587f85979a85"
  integrity sha512-ORtme6srMxINZj98uIW6EKBub/9JCgWJPC3rM464rvabKGNbYIA6AIAgir1Czo5zHUOo+/9DJvGUaPQO4/Ld2A==

d3-force@1.0.2:
  version "1.0.2"
  resolved "https://registry.yarnpkg.com/d3-force/-/d3-force-1.0.2.tgz#92dbedeacf9a2d3f6686450c8d6375f3c363af66"
  integrity sha512-fvAAPGOAvtZhdrGjHXX1LjCwhaifJCv8SHKvosfTDKuRmHOzMO9k+0UtB1rJfZv7shdQD0IjMnhkU5CpWT5deQ==
  dependencies:
    d3-collection "1"
    d3-dispatch "1"
    d3-quadtree "1"
    d3-timer "1"

d3-format@1:
  version "1.4.5"
  resolved "https://registry.yarnpkg.com/d3-format/-/d3-format-1.4.5.tgz#374f2ba1320e3717eb74a9356c67daee17a7edb4"
  integrity sha512-J0piedu6Z8iB6TbIGfZgDzfXxUFN3qQRMofy2oPdXzQibYGqPB/9iMcxr/TGalU+2RsyDO+U4f33id8tbnSRMQ==

d3-format@1.0.2:
  version "1.0.2"
  resolved "https://registry.yarnpkg.com/d3-format/-/d3-format-1.0.2.tgz#138618320b4bbeb43b5c0ff30519079fbbd7375e"
  integrity sha512-VHFdLLjGkeGrRL8T/rlIIDhI3vvVX/oOTM/GaDJfB1sIb4dU5ZgiEjg3EeidJdQ/70u60tM015TSWa1gqqLRhg==

d3-geo@1.2.3:
  version "1.2.3"
  resolved "https://registry.yarnpkg.com/d3-geo/-/d3-geo-1.2.3.tgz#9b2430a76a72510f2c4a5862fe1f07305052c6a9"
  integrity sha512-NgnTTX8KoIpFdIGhauvgCeXJajcBquj6gP6o1zMu1ZMs62J0r6NalOplzqkXYnZjUNG+NabcTtOOT77Q80K4Jw==
  dependencies:
    d3-array "1"

d3-hierarchy@1.0.2:
  version "1.0.2"
  resolved "https://registry.yarnpkg.com/d3-hierarchy/-/d3-hierarchy-1.0.2.tgz#c8faa11dc49bcc93914c6aa35a46bdee4e01ee72"
  integrity sha512-kFZpTy/gba+CaR+86hyWfHZtB4VXcad+Bkxcsp6nRQWjJCorcvc+vsUBFRJkt+iOCGHe8qn7GN8rM1v0hilH+Q==

d3-interpolate@1:
  version "1.4.0"
  resolved "https://registry.yarnpkg.com/d3-interpolate/-/d3-interpolate-1.4.0.tgz#526e79e2d80daa383f9e0c1c1c7dcc0f0583e987"
  integrity sha512-V9znK0zc3jOPV4VD2zZn0sDhZU3WAE2bmlxdIwwQPPzPjvyLkd8B3JUVdS1IDUFDkWZ72c9qnv1GK2ZagTZ8EA==
  dependencies:
    d3-color "1"

d3-interpolate@1.1.1:
  version "1.1.1"
  resolved "https://registry.yarnpkg.com/d3-interpolate/-/d3-interpolate-1.1.1.tgz#f9ad4f9a421b22cad8838cf53d9bd2cbad0b8fd7"
  integrity sha512-wCYUl4cTSv4jZKfo+s+Y02Fn0/ykwg+jFx2FEF26m/Dhe+z7cVK96aErNRd3jKbBie1urAh9TIhlM6LJ4iFjCg==
  dependencies:
    d3-color "1"

d3-path@1:
  version "1.0.9"
  resolved "https://registry.yarnpkg.com/d3-path/-/d3-path-1.0.9.tgz#48c050bb1fe8c262493a8caf5524e3e9591701cf"
  integrity sha512-VLaYcn81dtHVTjEHd8B+pbe9yHWpXKZUC87PzoFmsFrJqgFwDe/qxfp5MlfsfM1V5E/iVt0MmEbWQ7FVIXh/bg==

d3-path@1.0.1:
  version "1.0.1"
  resolved "https://registry.yarnpkg.com/d3-path/-/d3-path-1.0.1.tgz#a8c07cf633b6bd5f970e08638e49e5979b419cb5"
  integrity sha512-IVMzFUJW3MCJqfATod5ZE+6MGdVSH2aMj75yRm5BNJJ2L8bV4P9ZmhD2n0mLN9W/x99UrUvhUJypsV/bM4yfsA==

d3-polygon@1.0.1:
  version "1.0.1"
  resolved "https://registry.yarnpkg.com/d3-polygon/-/d3-polygon-1.0.1.tgz#c1e710cc715b082f18494d102e41bdaaf8c44d03"
  integrity sha512-Bndhc5jt+OMVMtNo2IiWSjSRNOR3no6+1Fpml9GHXeCOYuO7o/mqL8UVF8midD0OcCf2pwibDHj+0htfzuiM5A==

d3-quadtree@1:
  version "1.0.7"
  resolved "https://registry.yarnpkg.com/d3-quadtree/-/d3-quadtree-1.0.7.tgz#ca8b84df7bb53763fe3c2f24bd435137f4e53135"
  integrity sha512-RKPAeXnkC59IDGD0Wu5mANy0Q2V28L+fNe65pOCXVdVuTJS3WPKaJlFHer32Rbh9gIo9qMuJXio8ra4+YmIymA==

d3-quadtree@1.0.1:
  version "1.0.1"
  resolved "https://registry.yarnpkg.com/d3-quadtree/-/d3-quadtree-1.0.1.tgz#13be025624f110405ed43536c506aaec199ed591"
  integrity sha512-87W0Y2y3fxpRTtCLIp8r4hM5es1WDORrCaCkjKJTPgyksz4zqgx1Ymz/+rW21ZrRjxWrXLtF7PHruY9lRazS0w==

d3-queue@3.0.2:
  version "3.0.2"
  resolved "https://registry.yarnpkg.com/d3-queue/-/d3-queue-3.0.2.tgz#f2939cccd94b301cc729e1c9d158bd5c2b6c7036"
  integrity sha512-uTdfWFB8Hn0E0MKQgiifk57vg27+4d+P4EIvF2jN6mzpDB3eT0oAqLf9HydHqjY1uOADInJ5thtOm/VESNyJSQ==

d3-random@1.0.1:
  version "1.0.1"
  resolved "https://registry.yarnpkg.com/d3-random/-/d3-random-1.0.1.tgz#2c9444cdcba23f8c41f7940d46bf301bf99603eb"
  integrity sha512-q2q5mBCGhbHNQvDO32ODYNKTIC21GfpU2E23aal0XB9BaJEz4GTVyw2RiJw++8R0Quf6oxbLGDJN5pbWAcIM7w==

d3-request@1.0.2:
  version "1.0.2"
  resolved "https://registry.yarnpkg.com/d3-request/-/d3-request-1.0.2.tgz#98083736d4146fdd28703b5aa8ef7e7328ba3f69"
  integrity sha512-hPuZc8fqP3PS+2YakYBecJ6A5wlmtazb/PtDSum2ASxMWfpR1tAB0+S2i3kHJvCjg2pxXlAghMQEbkGUWdjyBQ==
  dependencies:
    d3-collection "1"
    d3-dispatch "1"
    d3-dsv "1"
    xmlhttprequest "1"

d3-scale@1.0.3:
  version "1.0.3"
  resolved "https://registry.yarnpkg.com/d3-scale/-/d3-scale-1.0.3.tgz#4f9e8f0cc2ea0f3925ff04ac27adc09045fa4c90"
  integrity sha512-ah2Xqywu96gau2iET3T0ZTsu0/X0gfoB8vDTuZ1OaG5F0SgGJLXreBVBknSZf2HKnxjenRvFok3qY2FgY4RpFg==
  dependencies:
    d3-array "1"
    d3-collection "1"
    d3-color "1"
    d3-format "1"
    d3-interpolate "1"
    d3-time "1"
    d3-time-format "2"

d3-selection@1, d3-selection@^1.1.0:
  version "1.4.2"
  resolved "https://registry.yarnpkg.com/d3-selection/-/d3-selection-1.4.2.tgz#dcaa49522c0dbf32d6c1858afc26b6094555bc5c"
  integrity sha512-SJ0BqYihzOjDnnlfyeHT0e30k0K1+5sR3d5fNueCNeuhZTnGw4M4o8mqJchSwgKMXCNFo+e2VTChiSJ0vYtXkg==

d3-selection@1.0.2:
  version "1.0.2"
  resolved "https://registry.yarnpkg.com/d3-selection/-/d3-selection-1.0.2.tgz#ae662afd4702ac9c5da039b2107a1764fa1c9070"
  integrity sha512-nInNdsdhljkDqkU/83bdWwtiJ7xsX3l57YZMlqsAOMeQROeCv7osPqQgYnao0NmRZEGc11hNakY+EOkaIdsWpQ==

d3-shape@1.0.2:
  version "1.0.2"
  resolved "https://registry.yarnpkg.com/d3-shape/-/d3-shape-1.0.2.tgz#3765714f864581b5787d08b17ec7a8d62d0318f9"
  integrity sha512-hNft7xu4Kd4sPhxHaUGUOsfidzANQzMFPddgQlZizFuRdBRwv2NqRD0/bfpptywPXHPBST7FfOpoNntUULSdbg==
  dependencies:
    d3-path "1"

d3-time-format@2:
  version "2.3.0"
  resolved "https://registry.yarnpkg.com/d3-time-format/-/d3-time-format-2.3.0.tgz#107bdc028667788a8924ba040faf1fbccd5a7850"
  integrity sha512-guv6b2H37s2Uq/GefleCDtbe0XZAuy7Wa49VGkPVPMfLL9qObgBST3lEHJBMUp8S7NdLQAGIvr2KXk8Hc98iKQ==
  dependencies:
    d3-time "1"

d3-time-format@2.0.2:
  version "2.0.2"
  resolved "https://registry.yarnpkg.com/d3-time-format/-/d3-time-format-2.0.2.tgz#1c537e9d4558966a658c51f4ca3dd1b47369c2d5"
  integrity sha512-6rbEDcTfCTe44f6H35xp+c2f8+0iUf8bjEItTcD2lFatqyEpuWKKb4eO67IWB2lrfjksP09uMug8ryfVmEgjAA==
  dependencies:
    d3-time "1"

d3-time@1:
  version "1.1.0"
  resolved "https://registry.yarnpkg.com/d3-time/-/d3-time-1.1.0.tgz#b1e19d307dae9c900b7e5b25ffc5dcc249a8a0f1"
  integrity sha512-Xh0isrZ5rPYYdqhAVk8VLnMEidhz5aP7htAADH6MfzgmmicPkTo8LhkLxci61/lCB7n7UmE3bN0leRt+qvkLxA==

d3-time@1.0.2:
  version "1.0.2"
  resolved "https://registry.yarnpkg.com/d3-time/-/d3-time-1.0.2.tgz#25da641a7061af8f68ad08ca173101717b7430fc"
  integrity sha512-UUVa1vppG6pnPlqespIXdcj/7QONWlVM7fnFNephLtN8t/v/Y7oEKSLsZo9GR65hgXBCoKBUYIQzDcIaRNEoOg==

d3-timer@1:
  version "1.0.10"
  resolved "https://registry.yarnpkg.com/d3-timer/-/d3-timer-1.0.10.tgz#dfe76b8a91748831b13b6d9c793ffbd508dd9de5"
  integrity sha512-B1JDm0XDaQC+uvo4DT79H0XmBskgS3l6Ve+1SBCfxgmtIb1AVrPIoqd+nPSv+loMX8szQ0sVUhGngL7D5QPiXw==

d3-timer@1.0.2:
  version "1.0.2"
  resolved "https://registry.yarnpkg.com/d3-timer/-/d3-timer-1.0.2.tgz#6ebf6bbeb6add41fc505284a97cc7611a30029f3"
  integrity sha512-DBZ50J8ALbXNao9oD6ZBWrgxLLVQps8R7VoMFFa7JkVv/4eXzymq62LsHTh3bBGGTbrpYszHqj3VFTvOHulUew==

d3-transition@1:
  version "1.3.2"
  resolved "https://registry.yarnpkg.com/d3-transition/-/d3-transition-1.3.2.tgz#a98ef2151be8d8600543434c1ca80140ae23b398"
  integrity sha512-sc0gRU4PFqZ47lPVHloMn9tlPcv8jxgOQg+0zjhfZXMQuvppjG6YuwdMBE0TuqCZjeJkLecku/l9R0JPcRhaDA==
  dependencies:
    d3-color "1"
    d3-dispatch "1"
    d3-ease "1"
    d3-interpolate "1"
    d3-selection "^1.1.0"
    d3-timer "1"

d3-transition@1.0.1:
  version "1.0.1"
  resolved "https://registry.yarnpkg.com/d3-transition/-/d3-transition-1.0.1.tgz#03fcf34d2ff102a1785768ee52dd6b9c190af7c8"
  integrity sha512-/Q3YLm6X8gyXT0cFSY/95YKEGoU7R1m1tdj/DWANkNrtUvnCDrcCAIdV6uJEiXiP1eIomdSFPMMusy7ge7KdwA==
  dependencies:
    d3-color "1"
    d3-dispatch "1"
    d3-ease "1"
    d3-interpolate "1"
    d3-selection "1"
    d3-timer "1"

d3-voronoi@1.0.2:
  version "1.0.2"
  resolved "https://registry.yarnpkg.com/d3-voronoi/-/d3-voronoi-1.0.2.tgz#09b1a3a7891c4ed8376d9ffdb2e770430f3f55c3"
  integrity sha512-MASF6Gpgs+rWf5ege34eqWzeyevCpHtr+ZgJ6Je3Z9WSeYCnZtA7TblHbtwbNwiu2poWePmg4B12M/ayFTujag==

d3-zoom@1.0.3:
  version "1.0.3"
  resolved "https://registry.yarnpkg.com/d3-zoom/-/d3-zoom-1.0.3.tgz#b36bfb517e535dff0e179088dbeb3d7899a6050e"
  integrity sha512-LltBg3RBKQADHcniEi3EifSneqY5/luUXcEVgPyUlK+MVpLlHwlAPd3wpk/niPexQdeFtvMi4OFhvmZZ9TqC+w==
  dependencies:
    d3-dispatch "1"
    d3-drag "1"
    d3-interpolate "1"
    d3-selection "1"
    d3-transition "1"

d3v4@^4.2.2:
  version "4.2.2"
  resolved "https://registry.yarnpkg.com/d3v4/-/d3v4-4.2.2.tgz#758136fd790aaa8fd557dac35bc34c3812281c58"
  integrity sha512-C2oyYdy39LhgTOrMW0I5Oi/lDuvTzZqGByc8iVVvleA9+a9uEr1Xn39avwahOtBnoa3KIy9vL8Z1f0vXU0usMw==
  dependencies:
    d3-array "1.0.1"
    d3-axis "1.0.3"
    d3-brush "1.0.2"
    d3-chord "1.0.2"
    d3-collection "1.0.1"
    d3-color "1.0.1"
    d3-dispatch "1.0.1"
    d3-drag "1.0.1"
    d3-dsv "1.0.1"
    d3-ease "1.0.1"
    d3-force "1.0.2"
    d3-format "1.0.2"
    d3-geo "1.2.3"
    d3-hierarchy "1.0.2"
    d3-interpolate "1.1.1"
    d3-path "1.0.1"
    d3-polygon "1.0.1"
    d3-quadtree "1.0.1"
    d3-queue "3.0.2"
    d3-random "1.0.1"
    d3-request "1.0.2"
    d3-scale "1.0.3"
    d3-selection "1.0.2"
    d3-shape "1.0.2"
    d3-time "1.0.2"
    d3-time-format "2.0.2"
    d3-timer "1.0.2"
    d3-transition "1.0.1"
    d3-voronoi "1.0.2"
    d3-zoom "1.0.3"

decimal.js@^10.3.1:
  version "10.3.1"
  resolved "https://registry.yarnpkg.com/decimal.js/-/decimal.js-10.3.1.tgz#d8c3a444a9c6774ba60ca6ad7261c3a94fd5e783"
  integrity sha512-V0pfhfr8suzyPGOx3nmq4aHqabehUZn6Ch9kyFpV79TGDTWFmHqUqXdabR7QHqxzrYolF4+tVmJhUG4OURg5dQ==

esbuild-android-64@0.14.28:
  version "0.14.28"
  resolved "https://registry.yarnpkg.com/esbuild-android-64/-/esbuild-android-64-0.14.28.tgz#69c7a8a4f4a888eb5584afb035524b0fda7affff"
  integrity sha512-A52C3zq+9tNwCqZ+4kVLBxnk/WnrYM8P2+QNvNE9B6d2OVPs214lp3g6UyO+dKDhUdefhfPCuwkP8j2A/+szNA==

esbuild-android-arm64@0.14.28:
  version "0.14.28"
  resolved "https://registry.yarnpkg.com/esbuild-android-arm64/-/esbuild-android-arm64-0.14.28.tgz#110ff82019e75b866b53844c32f19f7933b4ce36"
  integrity sha512-sm0fDEGElZhMC3HLZeECI2juE4aG7uPfMBMqNUhy9CeX399Pz8rC6e78OXMXInGjSdEAwQmCOHmfsP7uv3Q8rA==

esbuild-darwin-64@0.14.28:
  version "0.14.28"
  resolved "https://registry.yarnpkg.com/esbuild-darwin-64/-/esbuild-darwin-64-0.14.28.tgz#d929ce16035da6047504fe8a71587d2ac9b756ed"
  integrity sha512-nzDd7mQ44FvsFHtOafZdBgn3Li5SMsnMnoz1J2MM37xJmR3wGNTFph88KypjHgWqwbxCI7MXS1U+sN4qDeeW6Q==

esbuild-darwin-arm64@0.14.28:
  version "0.14.28"
  resolved "https://registry.yarnpkg.com/esbuild-darwin-arm64/-/esbuild-darwin-arm64-0.14.28.tgz#75e1cb75c2230c541be1707c6751395fee9f6bbd"
  integrity sha512-XEq/bLR/glsUl+uGrBimQzOVs/CmwI833fXUhP9xrLI3IJ+rKyrZ5IA8u+1crOEf1LoTn8tV+hInmX6rGjbScw==

esbuild-freebsd-64@0.14.28:
  version "0.14.28"
  resolved "https://registry.yarnpkg.com/esbuild-freebsd-64/-/esbuild-freebsd-64-0.14.28.tgz#3579fd41f4c090d52e1a9134743e591c6aea49d7"
  integrity sha512-rTKLgUj/HEcPeE5XZ7IZwWpFx7IWMfprN7QRk/TUJE1s1Ipb58esboIesUpjirJz/BwrgHq+FDG9ChAI8dZAtQ==

esbuild-freebsd-arm64@0.14.28:
  version "0.14.28"
  resolved "https://registry.yarnpkg.com/esbuild-freebsd-arm64/-/esbuild-freebsd-arm64-0.14.28.tgz#de1c102a40005fa9da5160c0242b2de89ffd2d7b"
  integrity sha512-sBffxD1UMOsB7aWMoExmipycjcy3HJGwmqE4GQZUTZvdiH4GhjgUiVdtPyt7kSCdL40JqnWQJ4b1l8Y51oCF4Q==

esbuild-linux-32@0.14.28:
  version "0.14.28"
  resolved "https://registry.yarnpkg.com/esbuild-linux-32/-/esbuild-linux-32-0.14.28.tgz#cdb8ac2000df06044450bf33a93b9d63d61bb669"
  integrity sha512-+Wxidh3fBEQ9kHcCsD4etlBTMb1n6QY2uXv3rFhVn88CY/JP782MhA57/ipLMY4kOLeSKEuFGN4rtjHuhmRMig==

esbuild-linux-64@0.14.28:
  version "0.14.28"
  resolved "https://registry.yarnpkg.com/esbuild-linux-64/-/esbuild-linux-64-0.14.28.tgz#b1e961d42af89dab8c3c0ce86420a7657765f0ae"
  integrity sha512-7+xgsC4LvR6cnzaBdiljNnPDjbkwzahogN+S9uy9AoYw7ZjPnnXc6sjQAVCbqGb7MEgrWdpa6u/Tao79i4lWxg==

esbuild-linux-arm64@0.14.28:
  version "0.14.28"
  resolved "https://registry.yarnpkg.com/esbuild-linux-arm64/-/esbuild-linux-arm64-0.14.28.tgz#f69e6ace792a4985b9760b443dbf627e5e3d2126"
  integrity sha512-EjRHgwg+kgXABzyoPGPOPg4d5wZqRnZ/ZAxBDzLY+i6DS8OUfTSlZHWIOZzU4XF7125WxRBg9ULbrFJBl+57Eg==

esbuild-linux-arm@0.14.28:
  version "0.14.28"
  resolved "https://registry.yarnpkg.com/esbuild-linux-arm/-/esbuild-linux-arm-0.14.28.tgz#9c2fa45578686370a5d782314f321a2c6b641270"
  integrity sha512-L5isjmlLbh9E0WVllXiVETbScgMbth/+XkXQii1WwgO1RvLIfaGrVFz8d2n6EH/ImtgYxPYGx+OcvIKQBc91Rg==

esbuild-linux-mips64le@0.14.28:
  version "0.14.28"
  resolved "https://registry.yarnpkg.com/esbuild-linux-mips64le/-/esbuild-linux-mips64le-0.14.28.tgz#99d78f0380640aa7faa2c4c49ac21229bdf33c7c"
  integrity sha512-krx9SSg7yfiUKk64EmjefOyiEF6nv2bRE4um/LiTaQ6Y/6FP4UF3/Ou/AxZVyR154uSRq63xejcAsmswXAYRsw==

esbuild-linux-ppc64le@0.14.28:
  version "0.14.28"
  resolved "https://registry.yarnpkg.com/esbuild-linux-ppc64le/-/esbuild-linux-ppc64le-0.14.28.tgz#7388fa0c76033b4ca85b74071cb793d41ae77642"
  integrity sha512-LD0Xxu9g+DNuhsEBV5QuVZ4uKVBMup0xPIruLweuAf9/mHXFnaCuNXUBF5t0DxKl7GQ5MSioKtnb92oMo+QXEw==

esbuild-linux-riscv64@0.14.28:
  version "0.14.28"
  resolved "https://registry.yarnpkg.com/esbuild-linux-riscv64/-/esbuild-linux-riscv64-0.14.28.tgz#99e4a8afe4762e927ebe02009e1927e38f3256ab"
  integrity sha512-L/DWfRh2P0vxq4Y+qieSNXKGdMg+e9Qe8jkbN2/8XSGYDTPzO2OcAxSujob4qIh7iSl+cknbXV+BvH0YFR0jbg==

esbuild-linux-s390x@0.14.28:
  version "0.14.28"
  resolved "https://registry.yarnpkg.com/esbuild-linux-s390x/-/esbuild-linux-s390x-0.14.28.tgz#38a625399ffc78f3b8b555ebe2013347256a9a8a"
  integrity sha512-rrgxmsbmL8QQknWGnAL9bGJRQYLOi2AzXy5OTwfhxnj9eqjo5mSVbJXjgiq5LPUAMQZGdPH5yaNK0obAXS81Zw==

esbuild-netbsd-64@0.14.28:
  version "0.14.28"
  resolved "https://registry.yarnpkg.com/esbuild-netbsd-64/-/esbuild-netbsd-64-0.14.28.tgz#fdc09dd69313f42be034276cc780bf60c09266b6"
  integrity sha512-h8wntIyOR8/xMVVM6TvJxxWKh4AjmLK87IPKpuVi8Pq0kyk0RMA+eo4PFGk5j2XK0D7dj8PcSF5NSlP9kN/j0A==

esbuild-openbsd-64@0.14.28:
  version "0.14.28"
  resolved "https://registry.yarnpkg.com/esbuild-openbsd-64/-/esbuild-openbsd-64-0.14.28.tgz#9d7b0ca421ae580ab945c69c33eabd793262a84c"
  integrity sha512-HBv18rVapbuDx52/fhZ/c/w6TXyaQAvRxiDDn5Hz/pBcwOs3cdd2WxeIKlWmDoqm2JMx5EVlq4IWgoaRX9mVkw==

esbuild-sunos-64@0.14.28:
  version "0.14.28"
  resolved "https://registry.yarnpkg.com/esbuild-sunos-64/-/esbuild-sunos-64-0.14.28.tgz#5b82807ebe435519a2689e1a4d50b8a3cc5c64c0"
  integrity sha512-zlIxePhZxKYheR2vBCgPVvTixgo/ozOfOMoP6RZj8dxzquU1NgeyhjkcRXucbLCtmoNJ+i4PtWwPZTLuDd3bGg==

esbuild-windows-32@0.14.28:
  version "0.14.28"
  resolved "https://registry.yarnpkg.com/esbuild-windows-32/-/esbuild-windows-32-0.14.28.tgz#5cf740782fadc865c00aa0d8388e42012bcf496e"
  integrity sha512-am9DIJxXlld1BOAY/VlvBQHMUCPL7S3gB/lnXIY3M4ys0gfuRqPf4EvMwZMzYUbFKBY+/Qb8SRgPRRGhwnJ8Kg==

esbuild-windows-64@0.14.28:
  version "0.14.28"
  resolved "https://registry.yarnpkg.com/esbuild-windows-64/-/esbuild-windows-64-0.14.28.tgz#6e3ec1b0225d668a2da21e2ffeff2353b5c9a567"
  integrity sha512-78PhySDnmRZlsPNp/W/5Fim8iivlBQQxfhBFIqR7xwvfDmCFUSByyMKP7LCHgNtb04yNdop8nJJkJaQ8Xnwgiw==

esbuild-windows-arm64@0.14.28:
  version "0.14.28"
  resolved "https://registry.yarnpkg.com/esbuild-windows-arm64/-/esbuild-windows-arm64-0.14.28.tgz#c527d52ec7d1f868259d0f74ecc4003e8475125d"
  integrity sha512-VhXGBTo6HELD8zyHXynV6+L2jWx0zkKnGx4TmEdSBK7UVFACtOyfUqpToG0EtnYyRZ0HESBhzPSVpP781ovmvA==

esbuild@^0.14.14:
  version "0.14.28"
  resolved "https://registry.yarnpkg.com/esbuild/-/esbuild-0.14.28.tgz#7738635d2ea19e446bd319d83a1802545e6aebb8"
  integrity sha512-YLNprkCcMVKQ5sekmCKEQ3Obu/L7s6+iij38xNKyBeSmSsTWur4Ky/9zB3XIGT8SCJITG/bZwAR2l7YOAXch4Q==
  optionalDependencies:
    esbuild-android-64 "0.14.28"
    esbuild-android-arm64 "0.14.28"
    esbuild-darwin-64 "0.14.28"
    esbuild-darwin-arm64 "0.14.28"
    esbuild-freebsd-64 "0.14.28"
    esbuild-freebsd-arm64 "0.14.28"
    esbuild-linux-32 "0.14.28"
    esbuild-linux-64 "0.14.28"
    esbuild-linux-arm "0.14.28"
    esbuild-linux-arm64 "0.14.28"
    esbuild-linux-mips64le "0.14.28"
    esbuild-linux-ppc64le "0.14.28"
    esbuild-linux-riscv64 "0.14.28"
    esbuild-linux-s390x "0.14.28"
    esbuild-netbsd-64 "0.14.28"
    esbuild-openbsd-64 "0.14.28"
    esbuild-sunos-64 "0.14.28"
    esbuild-windows-32 "0.14.28"
    esbuild-windows-64 "0.14.28"
    esbuild-windows-arm64 "0.14.28"

escape-latex@^1.2.0:
  version "1.2.0"
  resolved "https://registry.yarnpkg.com/escape-latex/-/escape-latex-1.2.0.tgz#07c03818cf7dac250cce517f4fda1b001ef2bca1"
  integrity sha512-nV5aVWW1K0wEiUIEdZ4erkGGH8mDxGyxSeqPzRNtWP7ataw+/olFObw7hujFWlVjNsaDFw5VZ5NzVSIqRgfTiw==

estree-walker@^2.0.2:
  version "2.0.2"
  resolved "https://registry.yarnpkg.com/estree-walker/-/estree-walker-2.0.2.tgz#52f010178c2a4c117a7757cfe942adb7d2da4cac"
  integrity sha512-Rfkk/Mp/DL7JVje3u18FxFujQlTNR2q6QfMSMB7AvCBx91NGj/ba3kCfza0f6dVDbw7YlRf/nDrn7pQrCCyQ/w==

fraction.js@^4.2.0:
  version "4.2.0"
  resolved "https://registry.yarnpkg.com/fraction.js/-/fraction.js-4.2.0.tgz#448e5109a313a3527f5a3ab2119ec4cf0e0e2950"
  integrity sha512-MhLuK+2gUcnZe8ZHlaaINnQLl0xRIGRfcGk2yl8xoQAfHrSsL3rYu6FCmBdkdbhc9EPlwyGHewaRsvwRMJtAlA==

fsevents@~2.3.2:
  version "2.3.2"
  resolved "https://registry.yarnpkg.com/fsevents/-/fsevents-2.3.2.tgz#8a526f78b8fdf4623b709e0b975c52c24c02fd1a"
  integrity sha512-xiqMQR4xAeHTuB9uWm+fFRcIOgKBMiOBP+eXiyT7jsgVCq1bkVygt00oASowB7EdtpOHaaPgKt812P9ab+DDKA==

function-bind@^1.1.1:
  version "1.1.1"
  resolved "https://registry.yarnpkg.com/function-bind/-/function-bind-1.1.1.tgz#a56899d3ea3c9bab874bb9773b7c5ede92f4895d"
  integrity sha512-yIovAzMX49sF8Yl58fSCWJ5svSLuaibPxXQJFLmBObTuCr0Mf1KiPopGM9NiFjiYBCbfaa2Fh6breQ6ANVTI0A==

has@^1.0.3:
  version "1.0.3"
  resolved "https://registry.yarnpkg.com/has/-/has-1.0.3.tgz#722d7cbfc1f6aa8241f16dd814e011e1f41e8796"
  integrity sha512-f2dvO0VU6Oej7RkWJGrehjbzMAjFp5/VKPp5tTpWIV4JHHZK1/BxbFRtf/siA2SWTe09caDmVtYYzWEIbBS4zw==
  dependencies:
    function-bind "^1.1.1"

iconv-lite@0.4:
  version "0.4.24"
  resolved "https://registry.yarnpkg.com/iconv-lite/-/iconv-lite-0.4.24.tgz#2022b4b25fbddc21d2f524974a474aafe733908b"
  integrity sha512-v3MXnZAcvnywkTUEZomIActle7RXXeedOR31wwl7VlyoXO4Qi9arvSenNQWne1TcRwhCL1HwLI21bEqdpj8/rA==
  dependencies:
    safer-buffer ">= 2.1.2 < 3"

is-core-module@^2.8.1:
  version "2.8.1"
  resolved "https://registry.yarnpkg.com/is-core-module/-/is-core-module-2.8.1.tgz#f59fdfca701d5879d0a6b100a40aa1560ce27211"
  integrity sha512-SdNCUs284hr40hFTFP6l0IfZ/RSrMXF3qgoRHd3/79unUTvrFO/JoXwkGm+5J/Oe3E/b5GsnG330uUNgRpu1PA==
  dependencies:
    has "^1.0.3"

javascript-natural-sort@^0.7.1:
  version "0.7.1"
  resolved "https://registry.yarnpkg.com/javascript-natural-sort/-/javascript-natural-sort-0.7.1.tgz#f9e2303d4507f6d74355a73664d1440fb5a0ef59"
  integrity sha512-nO6jcEfZWQXDhOiBtG2KvKyEptz7RVbpGP4vTD2hLBdmNQSsCiicO2Ioinv6UI4y9ukqnBpy+XZ9H6uLNgJTlw==

magic-string@^0.25.7:
  version "0.25.9"
  resolved "https://registry.yarnpkg.com/magic-string/-/magic-string-0.25.9.tgz#de7f9faf91ef8a1c91d02c2e5314c8277dbcdd1c"
  integrity sha512-RmF0AsMzgt25qzqqLc1+MbHmhdx0ojF2Fvs4XnOqz2ZOBXzzkEwc/dJQZCYHAn7v1jbVOjAZfK8msRn4BxO4VQ==
  dependencies:
    sourcemap-codec "^1.4.8"

mathjs@^10.6.1:
  version "10.6.1"
  resolved "https://registry.yarnpkg.com/mathjs/-/mathjs-10.6.1.tgz#95b34178eed65cbf7a63d35c468ad3ac912f7ddf"
  integrity sha512-8iZp6uUKKBoCFoUHze9ydsrSji9/IOEzMhwURyoQXaLL1+ILEZnraw4KzZnUBt/XN6lPJPV+7JO94oil3AmosQ==
  dependencies:
    "@babel/runtime" "^7.18.3"
    complex.js "^2.1.1"
    decimal.js "^10.3.1"
    escape-latex "^1.2.0"
    fraction.js "^4.2.0"
    javascript-natural-sort "^0.7.1"
    seedrandom "^3.0.5"
    tiny-emitter "^2.1.0"
    typed-function "^2.1.0"

nanoid@^3.3.1:
  version "3.3.2"
  resolved "https://registry.yarnpkg.com/nanoid/-/nanoid-3.3.2.tgz#c89622fafb4381cd221421c69ec58547a1eec557"
  integrity sha512-CuHBogktKwpm5g2sRgv83jEy2ijFzBwMoYA60orPDR7ynsLijJDqgsi4RDGj3OJpy3Ieb+LYwiRmIOGyytgITA==

odex@^2.0.4:
  version "2.0.4"
  resolved "https://registry.yarnpkg.com/odex/-/odex-2.0.4.tgz#54f64ab7066736b8c900686060156f3a9054470f"
  integrity sha512-Alf/WwrSvGeBhZZQ+c2P6UFGAln+OcarVjTAn2/RAD6W5TZ/d9bFRBM0aOJGQc4pwlRJwkLgKRUR+lg3QNswbg==

path-parse@^1.0.7:
  version "1.0.7"
  resolved "https://registry.yarnpkg.com/path-parse/-/path-parse-1.0.7.tgz#fbc114b60ca42b30d9daf5858e4bd68bbedb6735"
  integrity sha512-LDJzPVEEEPR+y48z93A0Ed0yXb8pAByGWo/k5YYdYgpY2/2EsOsksJrq7lOHxryrVOn1ejG6oAp8ahvOIQD8sw==

picocolors@^1.0.0:
  version "1.0.0"
  resolved "https://registry.yarnpkg.com/picocolors/-/picocolors-1.0.0.tgz#cb5bdc74ff3f51892236eaf79d68bc44564ab81c"
  integrity sha512-1fygroTLlHu66zi26VoTDv8yRgm0Fccecssto+MhsZ0D/DGW2sm8E8AjW7NU5VVTRt5GxbeZ5qBuJr+HyLYkjQ==

postcss@^8.1.10, postcss@^8.4.6:
  version "8.4.12"
  resolved "https://registry.yarnpkg.com/postcss/-/postcss-8.4.12.tgz#1e7de78733b28970fa4743f7da6f3763648b1905"
  integrity sha512-lg6eITwYe9v6Hr5CncVbK70SoioNQIq81nsaG86ev5hAidQvmOeETBqs7jm43K2F5/Ley3ytDtriImV6TpNiSg==
  dependencies:
    nanoid "^3.3.1"
    picocolors "^1.0.0"
    source-map-js "^1.0.2"

regenerator-runtime@^0.13.4:
  version "0.13.9"
  resolved "https://registry.yarnpkg.com/regenerator-runtime/-/regenerator-runtime-0.13.9.tgz#8925742a98ffd90814988d7566ad30ca3b263b52"
  integrity sha512-p3VT+cOEgxFsRRA9X4lkI1E+k2/CtnKtU4gcxyaCUreilL/vqI6CdZ3wxVUx3UOUg+gnUOQQcRI7BmSI656MYA==

resolve@^1.22.0:
  version "1.22.0"
  resolved "https://registry.yarnpkg.com/resolve/-/resolve-1.22.0.tgz#5e0b8c67c15df57a89bdbabe603a002f21731198"
  integrity sha512-Hhtrw0nLeSrFQ7phPp4OOcVjLPIeMnRlr5mcnVuMe7M/7eBn98A3hmFRLoFo3DLZkivSYwhRUJTyPyWAk56WLw==
  dependencies:
    is-core-module "^2.8.1"
    path-parse "^1.0.7"
    supports-preserve-symlinks-flag "^1.0.0"

rollup@^2.59.0:
  version "2.70.1"
  resolved "https://registry.yarnpkg.com/rollup/-/rollup-2.70.1.tgz#824b1f1f879ea396db30b0fc3ae8d2fead93523e"
  integrity sha512-CRYsI5EuzLbXdxC6RnYhOuRdtz4bhejPMSWjsFLfVM/7w/85n2szZv6yExqUXsBdz5KT8eoubeyDUDjhLHEslA==
  optionalDependencies:
    fsevents "~2.3.2"

rw@1:
  version "1.3.3"
  resolved "https://registry.yarnpkg.com/rw/-/rw-1.3.3.tgz#3f862dfa91ab766b14885ef4d01124bfda074fb4"
  integrity sha512-PdhdWy89SiZogBLaw42zdeqtRJ//zFd2PgQavcICDUgJT5oW10QCRKbJ6bg4r0/UY2M6BWd5tkxuGFRvCkgfHQ==

"safer-buffer@>= 2.1.2 < 3":
  version "2.1.2"
  resolved "https://registry.yarnpkg.com/safer-buffer/-/safer-buffer-2.1.2.tgz#44fa161b0187b9549dd84bb91802f9bd8385cd6a"
  integrity sha512-YZo3K82SD7Riyi0E1EQPojLz7kpepnSQI9IyPbHHg1XXXevb5dJI7tpyN2ADxGcQbHG7vcyRHk0cbwqcQriUtg==

seedrandom@^3.0.5:
  version "3.0.5"
  resolved "https://registry.yarnpkg.com/seedrandom/-/seedrandom-3.0.5.tgz#54edc85c95222525b0c7a6f6b3543d8e0b3aa0a7"
  integrity sha512-8OwmbklUNzwezjGInmZ+2clQmExQPvomqjL7LFqOYqtmuxRgQYqOD3mHaU+MvZn5FLUeVxVfQjwLZW/n/JFuqg==

source-map-js@^1.0.2:
  version "1.0.2"
  resolved "https://registry.yarnpkg.com/source-map-js/-/source-map-js-1.0.2.tgz#adbc361d9c62df380125e7f161f71c826f1e490c"
  integrity sha512-R0XvVJ9WusLiqTCEiGCmICCMplcCkIwwR11mOSD9CR5u+IXYdiseeEuXCVAjS54zqwkLcPNnmU4OeJ6tUrWhDw==

source-map@^0.6.1:
  version "0.6.1"
  resolved "https://registry.yarnpkg.com/source-map/-/source-map-0.6.1.tgz#74722af32e9614e9c287a8d0bbde48b5e2f1a263"
  integrity sha512-UjgapumWlbMhkBgzT7Ykc5YXUT46F0iKu8SGXq0bcwP5dz/h0Plj6enJqjz1Zbq2l5WaqYnrVbwWOWMyF3F47g==

sourcemap-codec@^1.4.8:
  version "1.4.8"
  resolved "https://registry.yarnpkg.com/sourcemap-codec/-/sourcemap-codec-1.4.8.tgz#ea804bd94857402e6992d05a38ef1ae35a9ab4c4"
  integrity sha512-9NykojV5Uih4lgo5So5dtw+f0JgJX30KCNI8gwhz2J9A15wD0Ml6tjHKwf6fTSa6fAdVBdZeNOs9eJ71qCk8vA==

supports-preserve-symlinks-flag@^1.0.0:
  version "1.0.0"
  resolved "https://registry.yarnpkg.com/supports-preserve-symlinks-flag/-/supports-preserve-symlinks-flag-1.0.0.tgz#6eda4bd344a3c94aea376d4cc31bc77311039e09"
  integrity sha512-ot0WnXS9fgdkgIcePe6RHNk1WA8+muPa6cSjeR3V8K27q9BB1rTE3R1p7Hv0z1ZyAc8s6Vvv8DIyWf681MAt0w==

tiny-emitter@^2.1.0:
  version "2.1.0"
  resolved "https://registry.yarnpkg.com/tiny-emitter/-/tiny-emitter-2.1.0.tgz#1d1a56edfc51c43e863cbb5382a72330e3555423"
  integrity sha512-NB6Dk1A9xgQPMoGqC5CVXn123gWyte215ONT5Pp5a0yt4nlEoO1ZWeCwpncaekPHXO60i47ihFnZPiRPjRMq4Q==

typed-function@^2.1.0:
  version "2.1.0"
  resolved "https://registry.yarnpkg.com/typed-function/-/typed-function-2.1.0.tgz#ded6f8a442ba8749ff3fe75bc41419c8d46ccc3f"
  integrity sha512-bctQIOqx2iVbWGDGPWwIm18QScpu2XRmkC19D8rQGFsjKSgteq/o1hTZvIG/wuDq8fanpBDrLkLq+aEN/6y5XQ==

vite@^2.8.0:
  version "2.8.6"
  resolved "https://registry.yarnpkg.com/vite/-/vite-2.8.6.tgz#32d50e23c99ca31b26b8ccdc78b1d72d4d7323d3"
  integrity sha512-e4H0QpludOVKkmOsRyqQ7LTcMUDF3mcgyNU4lmi0B5JUbe0ZxeBBl8VoZ8Y6Rfn9eFKYtdXNPcYK97ZwH+K2ug==
  dependencies:
    esbuild "^0.14.14"
    postcss "^8.4.6"
    resolve "^1.22.0"
    rollup "^2.59.0"
  optionalDependencies:
    fsevents "~2.3.2"

vue@^3.2.31:
  version "3.2.31"
  resolved "https://registry.yarnpkg.com/vue/-/vue-3.2.31.tgz#e0c49924335e9f188352816788a4cca10f817ce6"
  integrity sha512-odT3W2tcffTiQCy57nOT93INw1auq5lYLLYtWpPYQQYQOOdHiqFct9Xhna6GJ+pJQaF67yZABraH47oywkJgFw==
  dependencies:
    "@vue/compiler-dom" "3.2.31"
    "@vue/compiler-sfc" "3.2.31"
    "@vue/runtime-dom" "3.2.31"
    "@vue/server-renderer" "3.2.31"
    "@vue/shared" "3.2.31"

xmlhttprequest@1:
  version "1.8.0"
  resolved "https://registry.yarnpkg.com/xmlhttprequest/-/xmlhttprequest-1.8.0.tgz#67fe075c5c24fef39f9d65f5f7b7fe75171968fc"
  integrity sha1-Z/4HXFwk/vOfnWX197f+dRcZaPw=
